{
    "_readme": [
        "This file locks the dependencies of your project to a known state",
        "Read more about it at https://getcomposer.org/doc/01-basic-usage.md#installing-dependencies",
        "This file is @generated automatically"
    ],
    "content-hash": "3d234dd17aef2def0673c3cc52159c9a",
    "packages": [
        {
            "name": "cecil/installer",
            "version": "1.0.3",
            "source": {
                "type": "git",
                "url": "https://github.com/Cecilapp/composer-installer.git",
                "reference": "dae9513ec1d7bfefa7bbf2e5e66f56cef4d961ae"
            },
            "dist": {
                "type": "zip",
                "url": "https://api.github.com/repos/Cecilapp/composer-installer/zipball/dae9513ec1d7bfefa7bbf2e5e66f56cef4d961ae",
                "reference": "dae9513ec1d7bfefa7bbf2e5e66f56cef4d961ae",
                "shasum": ""
            },
            "require": {
                "composer-plugin-api": ">=2.0"
            },
            "require-dev": {
                "composer/composer": ">=2.0"
            },
            "type": "composer-plugin",
            "extra": {
                "class": "Cecil\\Installer\\Plugin",
                "branch-alias": {
                    "dev-master": "2.x-dev"
                }
            },
            "autoload": {
                "psr-0": {
                    "Cecil\\Installer": "src/"
                }
            },
            "notification-url": "https://packagist.org/downloads/",
            "license": [
                "MIT"
            ],
            "authors": [
                {
                    "name": "Arnaud Ligny",
                    "email": "arnaud@ligny.fr",
                    "homepage": "https://arnaudligny.fr",
                    "role": "Developer"
                }
            ],
            "description": "Installer for Cecil's plugins and themes.",
            "keywords": [
                "cecil",
                "installer",
                "plugins",
                "themes"
            ],
            "support": {
                "issues": "https://github.com/Cecilapp/composer-installer/issues",
                "source": "https://github.com/Cecilapp/composer-installer/tree/1.0.3"
            },
            "funding": [
                {
                    "url": "https://github.com/ArnaudLigny",
                    "type": "github"
                },
                {
                    "url": "https://opencollective.com/cecil",
                    "type": "open_collective"
                }
            ],
            "time": "2024-01-09T15:31:54+00:00"
        }
    ],
    "packages-dev": [],
    "aliases": [],
    "minimum-stability": "dev",
    "stability-flags": [],
    "prefer-stable": true,
    "prefer-lowest": false,
    "platform": [],
    "platform-dev": [],
    "plugin-api-version": "2.6.0"
}
